PODS:
  - Alamofire (4.8.0)
  - FSPagerView (0.8.2)
  - Hero (1.4.0)
  - ObjectMapper (3.4.2)
  - SnapKit (4.2.0)
  - SwiftyJSON (4.2.0)

DEPENDENCIES:
  - Alamofire
  - FSPagerView
  - Hero
  - ObjectMapper
  - SnapKit
  - SwiftyJSON

SPEC REPOS:
  https://github.com/cocoapods/specs.git:
    - Alamofire
    - FSPagerView
    - Hero
    - ObjectMapper
    - SnapKit
    - SwiftyJSON

SPEC CHECKSUMS:
  Alamofire: 3ec537f71edc9804815215393ae2b1a8ea33a844
  FSPagerView: 816a18842306973cc7cc6df8a5332272f7815c30
  Hero: bac92350d7201a1a940003e0767c7b52ce7c99a1
  ObjectMapper: 0d4402610f4e468903ae64629eec4784531e5c51
  SnapKit: fe8a619752f3f27075cc9a90244d75c6c3f27e2a
  SwiftyJSON: c4bcba26dd9ec7a027fc8eade48e2c911f229e96

PODFILE CHECKSUM: 131b5d0ea00b2049bb30f55501bd8f1d79e26afa

COCOAPODS: 1.6.0.rc.2
