// !$*UTF8*$!
{
	archiveVersion = 1;
	classes = {
	};
	objectVersion = 50;
	objects = {

/* Begin PBXBuildFile section */
		190DA1F021EF056A00B8CF97 /* AddTasteButtonEnable.swift in Sources */ = {isa = PBXBuildFile; fileRef = 190DA1EF21EF056A00B8CF97 /* AddTasteButtonEnable.swift */; };
		192973AA21EE2F8F0021B05E /* Splash.storyboard in Resources */ = {isa = PBXBuildFile; fileRef = 192973A921EE2F8F0021B05E /* Splash.storyboard */; };
		192973AE21EE2FD20021B05E /* EmoticonWithLabelView.swift in Sources */ = {isa = PBXBuildFile; fileRef = 192973AD21EE2FD20021B05E /* EmoticonWithLabelView.swift */; };
		192973B121EE300C0021B05E /* NSObject+.swift in Sources */ = {isa = PBXBuildFile; fileRef = 192973B021EE300C0021B05E /* NSObject+.swift */; };
		192973B321EE30170021B05E /* UIAlertController+.swift in Sources */ = {isa = PBXBuildFile; fileRef = 192973B221EE30170021B05E /* UIAlertController+.swift */; };
		192973B521EE30200021B05E /* UIViewController+.swift in Sources */ = {isa = PBXBuildFile; fileRef = 192973B421EE30200021B05E /* UIViewController+.swift */; };
		192973B721EE30290021B05E /* UIView+.swift in Sources */ = {isa = PBXBuildFile; fileRef = 192973B621EE30290021B05E /* UIView+.swift */; };
		192973B921EE33F10021B05E /* MainViewController.swift in Sources */ = {isa = PBXBuildFile; fileRef = 192973B821EE33F10021B05E /* MainViewController.swift */; };
		192973C221EE38DE0021B05E /* Popup.storyboard in Resources */ = {isa = PBXBuildFile; fileRef = 192973C121EE38DE0021B05E /* Popup.storyboard */; };
		192973C421EE38EC0021B05E /* PopupViewController.swift in Sources */ = {isa = PBXBuildFile; fileRef = 192973C321EE38EC0021B05E /* PopupViewController.swift */; };
		192973CA21EE3A440021B05E /* .swiftlint.yml in Resources */ = {isa = PBXBuildFile; fileRef = 192973C921EE3A440021B05E /* .swiftlint.yml */; };
		192973CC21EEC6870021B05E /* CALayer+.swift in Sources */ = {isa = PBXBuildFile; fileRef = 192973CB21EEC6870021B05E /* CALayer+.swift */; };
		192973CE21EEC8BF0021B05E /* UIColor+.swift in Sources */ = {isa = PBXBuildFile; fileRef = 192973CD21EEC8BF0021B05E /* UIColor+.swift */; };
		192973D221EEC9DA0021B05E /* SearchViewController.swift in Sources */ = {isa = PBXBuildFile; fileRef = 192973D121EEC9DA0021B05E /* SearchViewController.swift */; };
		192973D421EEC9E70021B05E /* ResultViewController.swift in Sources */ = {isa = PBXBuildFile; fileRef = 192973D321EEC9E70021B05E /* ResultViewController.swift */; };
		192973D821EECA300021B05E /* Search.storyboard in Resources */ = {isa = PBXBuildFile; fileRef = 192973D721EECA300021B05E /* Search.storyboard */; };
		192973DA21EECA3F0021B05E /* Result.storyboard in Resources */ = {isa = PBXBuildFile; fileRef = 192973D921EECA3F0021B05E /* Result.storyboard */; };
		192973DF21EECADE0021B05E /* ResultInfoCell.swift in Sources */ = {isa = PBXBuildFile; fileRef = 192973DD21EECADE0021B05E /* ResultInfoCell.swift */; };
		192973E021EECADE0021B05E /* ResultInfoCell.xib in Resources */ = {isa = PBXBuildFile; fileRef = 192973DE21EECADE0021B05E /* ResultInfoCell.xib */; };
		192973E321EECBA90021B05E /* TranslationCell.swift in Sources */ = {isa = PBXBuildFile; fileRef = 192973E121EECBA90021B05E /* TranslationCell.swift */; };
		192973E421EECBA90021B05E /* TranslationCell.xib in Resources */ = {isa = PBXBuildFile; fileRef = 192973E221EECBA90021B05E /* TranslationCell.xib */; };
		192973E621EEEA8F0021B05E /* CGFloat+.swift in Sources */ = {isa = PBXBuildFile; fileRef = 192973E521EEEA8F0021B05E /* CGFloat+.swift */; };
		193D655C21E32F5200FAB1DE /* SplashViewController.swift in Sources */ = {isa = PBXBuildFile; fileRef = 193D655B21E32F5200FAB1DE /* SplashViewController.swift */; };
		195B99A421E0E8A300367456 /* AppDelegate.swift in Sources */ = {isa = PBXBuildFile; fileRef = 195B99A321E0E8A300367456 /* AppDelegate.swift */; };
		195B99A921E0E8A300367456 /* Main.storyboard in Resources */ = {isa = PBXBuildFile; fileRef = 195B99A721E0E8A300367456 /* Main.storyboard */; };
		195B99AB21E0E8A400367456 /* Assets.xcassets in Resources */ = {isa = PBXBuildFile; fileRef = 195B99AA21E0E8A400367456 /* Assets.xcassets */; };
		195B99AE21E0E8A400367456 /* LaunchScreen.storyboard in Resources */ = {isa = PBXBuildFile; fileRef = 195B99AC21E0E8A400367456 /* LaunchScreen.storyboard */; };
		53858AEE8F97CE1227F5569D /* Pods_YelloSakedong.framework in Frameworks */ = {isa = PBXBuildFile; fileRef = 40609488D999FFB5247FC345 /* Pods_YelloSakedong.framework */; };
/* End PBXBuildFile section */

/* Begin PBXFileReference section */
		190DA1EF21EF056A00B8CF97 /* AddTasteButtonEnable.swift */ = {isa = PBXFileReference; lastKnownFileType = sourcecode.swift; path = AddTasteButtonEnable.swift; sourceTree = "<group>"; };
		192973A921EE2F8F0021B05E /* Splash.storyboard */ = {isa = PBXFileReference; lastKnownFileType = file.storyboard; path = Splash.storyboard; sourceTree = "<group>"; };
		192973AD21EE2FD20021B05E /* EmoticonWithLabelView.swift */ = {isa = PBXFileReference; lastKnownFileType = sourcecode.swift; path = EmoticonWithLabelView.swift; sourceTree = "<group>"; };
		192973B021EE300C0021B05E /* NSObject+.swift */ = {isa = PBXFileReference; lastKnownFileType = sourcecode.swift; path = "NSObject+.swift"; sourceTree = "<group>"; };
		192973B221EE30170021B05E /* UIAlertController+.swift */ = {isa = PBXFileReference; lastKnownFileType = sourcecode.swift; path = "UIAlertController+.swift"; sourceTree = "<group>"; };
		192973B421EE30200021B05E /* UIViewController+.swift */ = {isa = PBXFileReference; lastKnownFileType = sourcecode.swift; path = "UIViewController+.swift"; sourceTree = "<group>"; };
		192973B621EE30290021B05E /* UIView+.swift */ = {isa = PBXFileReference; lastKnownFileType = sourcecode.swift; path = "UIView+.swift"; sourceTree = "<group>"; };
		192973B821EE33F10021B05E /* MainViewController.swift */ = {isa = PBXFileReference; lastKnownFileType = sourcecode.swift; path = MainViewController.swift; sourceTree = "<group>"; };
		192973C121EE38DE0021B05E /* Popup.storyboard */ = {isa = PBXFileReference; lastKnownFileType = file.storyboard; path = Popup.storyboard; sourceTree = "<group>"; };
		192973C321EE38EC0021B05E /* PopupViewController.swift */ = {isa = PBXFileReference; lastKnownFileType = sourcecode.swift; path = PopupViewController.swift; sourceTree = "<group>"; };
		192973C921EE3A440021B05E /* .swiftlint.yml */ = {isa = PBXFileReference; lastKnownFileType = text; path = .swiftlint.yml; sourceTree = "<group>"; };
		192973CB21EEC6870021B05E /* CALayer+.swift */ = {isa = PBXFileReference; lastKnownFileType = sourcecode.swift; path = "CALayer+.swift"; sourceTree = "<group>"; };
		192973CD21EEC8BF0021B05E /* UIColor+.swift */ = {isa = PBXFileReference; lastKnownFileType = sourcecode.swift; path = "UIColor+.swift"; sourceTree = "<group>"; };
		192973D121EEC9DA0021B05E /* SearchViewController.swift */ = {isa = PBXFileReference; lastKnownFileType = sourcecode.swift; path = SearchViewController.swift; sourceTree = "<group>"; };
		192973D321EEC9E70021B05E /* ResultViewController.swift */ = {isa = PBXFileReference; lastKnownFileType = sourcecode.swift; path = ResultViewController.swift; sourceTree = "<group>"; };
		192973D721EECA300021B05E /* Search.storyboard */ = {isa = PBXFileReference; lastKnownFileType = file.storyboard; path = Search.storyboard; sourceTree = "<group>"; };
		192973D921EECA3F0021B05E /* Result.storyboard */ = {isa = PBXFileReference; lastKnownFileType = file.storyboard; path = Result.storyboard; sourceTree = "<group>"; };
		192973DD21EECADE0021B05E /* ResultInfoCell.swift */ = {isa = PBXFileReference; lastKnownFileType = sourcecode.swift; path = ResultInfoCell.swift; sourceTree = "<group>"; };
		192973DE21EECADE0021B05E /* ResultInfoCell.xib */ = {isa = PBXFileReference; lastKnownFileType = file.xib; path = ResultInfoCell.xib; sourceTree = "<group>"; };
		192973E121EECBA90021B05E /* TranslationCell.swift */ = {isa = PBXFileReference; lastKnownFileType = sourcecode.swift; path = TranslationCell.swift; sourceTree = "<group>"; };
		192973E221EECBA90021B05E /* TranslationCell.xib */ = {isa = PBXFileReference; lastKnownFileType = file.xib; path = TranslationCell.xib; sourceTree = "<group>"; };
		192973E521EEEA8F0021B05E /* CGFloat+.swift */ = {isa = PBXFileReference; lastKnownFileType = sourcecode.swift; path = "CGFloat+.swift"; sourceTree = "<group>"; };
		193D655B21E32F5200FAB1DE /* SplashViewController.swift */ = {isa = PBXFileReference; lastKnownFileType = sourcecode.swift; path = SplashViewController.swift; sourceTree = "<group>"; };
		195B99A021E0E8A300367456 /* YelloSakedong.app */ = {isa = PBXFileReference; explicitFileType = wrapper.application; includeInIndex = 0; path = YelloSakedong.app; sourceTree = BUILT_PRODUCTS_DIR; };
		195B99A321E0E8A300367456 /* AppDelegate.swift */ = {isa = PBXFileReference; lastKnownFileType = sourcecode.swift; path = AppDelegate.swift; sourceTree = "<group>"; };
		195B99A821E0E8A300367456 /* Base */ = {isa = PBXFileReference; lastKnownFileType = file.storyboard; name = Base; path = Base.lproj/Main.storyboard; sourceTree = "<group>"; };
		195B99AA21E0E8A400367456 /* Assets.xcassets */ = {isa = PBXFileReference; lastKnownFileType = folder.assetcatalog; path = Assets.xcassets; sourceTree = "<group>"; };
		195B99AD21E0E8A400367456 /* Base */ = {isa = PBXFileReference; lastKnownFileType = file.storyboard; name = Base; path = Base.lproj/LaunchScreen.storyboard; sourceTree = "<group>"; };
		195B99AF21E0E8A400367456 /* Info.plist */ = {isa = PBXFileReference; lastKnownFileType = text.plist.xml; path = Info.plist; sourceTree = "<group>"; };
		40609488D999FFB5247FC345 /* Pods_YelloSakedong.framework */ = {isa = PBXFileReference; explicitFileType = wrapper.framework; includeInIndex = 0; path = Pods_YelloSakedong.framework; sourceTree = BUILT_PRODUCTS_DIR; };
		6609C43A3087759D7CB35B3B /* Pods-YelloSakedong.debug.xcconfig */ = {isa = PBXFileReference; includeInIndex = 1; lastKnownFileType = text.xcconfig; name = "Pods-YelloSakedong.debug.xcconfig"; path = "Target Support Files/Pods-YelloSakedong/Pods-YelloSakedong.debug.xcconfig"; sourceTree = "<group>"; };
		ED3E33EA866D68DDFD092837 /* Pods-YelloSakedong.release.xcconfig */ = {isa = PBXFileReference; includeInIndex = 1; lastKnownFileType = text.xcconfig; name = "Pods-YelloSakedong.release.xcconfig"; path = "Target Support Files/Pods-YelloSakedong/Pods-YelloSakedong.release.xcconfig"; sourceTree = "<group>"; };
/* End PBXFileReference section */

/* Begin PBXFrameworksBuildPhase section */
		195B999D21E0E8A300367456 /* Frameworks */ = {
			isa = PBXFrameworksBuildPhase;
			buildActionMask = 2147483647;
			files = (
				53858AEE8F97CE1227F5569D /* Pods_YelloSakedong.framework in Frameworks */,
			);
			runOnlyForDeploymentPostprocessing = 0;
		};
/* End PBXFrameworksBuildPhase section */

/* Begin PBXGroup section */
		190DA1F121EF163E00B8CF97 /* Common */ = {
			isa = PBXGroup;
			children = (
				190DA1EF21EF056A00B8CF97 /* AddTasteButtonEnable.swift */,
				192973E221EECBA90021B05E /* TranslationCell.xib */,
				192973E121EECBA90021B05E /* TranslationCell.swift */,
			);
			path = Common;
			sourceTree = "<group>";
		};
		192973A721EE2F780021B05E /* Splash */ = {
			isa = PBXGroup;
			children = (
				192973A921EE2F8F0021B05E /* Splash.storyboard */,
				193D655B21E32F5200FAB1DE /* SplashViewController.swift */,
			);
			path = Splash;
			sourceTree = "<group>";
		};
		192973A821EE2F810021B05E /* Main */ = {
			isa = PBXGroup;
			children = (
				195B99A721E0E8A300367456 /* Main.storyboard */,
				192973BA21EE33F50021B05E /* View */,
				192973B821EE33F10021B05E /* MainViewController.swift */,
			);
			path = Main;
			sourceTree = "<group>";
		};
		192973AF21EE2FD60021B05E /* Extension */ = {
			isa = PBXGroup;
			children = (
				192973B021EE300C0021B05E /* NSObject+.swift */,
				192973B221EE30170021B05E /* UIAlertController+.swift */,
				192973B421EE30200021B05E /* UIViewController+.swift */,
				192973B621EE30290021B05E /* UIView+.swift */,
				192973CB21EEC6870021B05E /* CALayer+.swift */,
				192973CD21EEC8BF0021B05E /* UIColor+.swift */,
				192973E521EEEA8F0021B05E /* CGFloat+.swift */,
			);
			path = Extension;
			sourceTree = "<group>";
		};
		192973BA21EE33F50021B05E /* View */ = {
			isa = PBXGroup;
			children = (
				192973AD21EE2FD20021B05E /* EmoticonWithLabelView.swift */,
			);
			path = View;
			sourceTree = "<group>";
		};
		192973BC21EE386E0021B05E /* Popup */ = {
			isa = PBXGroup;
			children = (
				192973C121EE38DE0021B05E /* Popup.storyboard */,
				192973C321EE38EC0021B05E /* PopupViewController.swift */,
			);
			path = Popup;
			sourceTree = "<group>";
		};
		192973C521EE393E0021B05E /* Model */ = {
			isa = PBXGroup;
			children = (
			);
			path = Model;
			sourceTree = "<group>";
		};
		192973C621EE39440021B05E /* Network */ = {
			isa = PBXGroup;
			children = (
			);
			path = Network;
			sourceTree = "<group>";
		};
		192973D521EECA120021B05E /* Search */ = {
			isa = PBXGroup;
			children = (
				192973D721EECA300021B05E /* Search.storyboard */,
				192973D121EEC9DA0021B05E /* SearchViewController.swift */,
			);
			path = Search;
			sourceTree = "<group>";
		};
		192973D621EECA170021B05E /* Result */ = {
			isa = PBXGroup;
			children = (
				192973D921EECA3F0021B05E /* Result.storyboard */,
				192973DC21EECABD0021B05E /* View */,
				192973D321EEC9E70021B05E /* ResultViewController.swift */,
			);
			path = Result;
			sourceTree = "<group>";
		};
		192973DC21EECABD0021B05E /* View */ = {
			isa = PBXGroup;
			children = (
				192973DE21EECADE0021B05E /* ResultInfoCell.xib */,
				192973DD21EECADE0021B05E /* ResultInfoCell.swift */,
			);
			path = View;
			sourceTree = "<group>";
		};
		195B999721E0E8A300367456 = {
			isa = PBXGroup;
			children = (
				192973C921EE3A440021B05E /* .swiftlint.yml */,
				195B99A221E0E8A300367456 /* YelloSakedong */,
				195B99A121E0E8A300367456 /* Products */,
				C20D6934ADC806EBE6D70F5E /* Pods */,
				1C7219739D991305FB7A30D4 /* Frameworks */,
			);
			sourceTree = "<group>";
		};
		195B99A121E0E8A300367456 /* Products */ = {
			isa = PBXGroup;
			children = (
				195B99A021E0E8A300367456 /* YelloSakedong.app */,
			);
			name = Products;
			sourceTree = "<group>";
		};
		195B99A221E0E8A300367456 /* YelloSakedong */ = {
			isa = PBXGroup;
			children = (
				195B99AC21E0E8A400367456 /* LaunchScreen.storyboard */,
				192973C621EE39440021B05E /* Network */,
				192973C521EE393E0021B05E /* Model */,
				190DA1F121EF163E00B8CF97 /* Common */,
				192973A721EE2F780021B05E /* Splash */,
				192973A821EE2F810021B05E /* Main */,
				192973D521EECA120021B05E /* Search */,
				192973D621EECA170021B05E /* Result */,
				192973BC21EE386E0021B05E /* Popup */,
				195B99B521E0E96100367456 /* Supporting Files */,
				192973AF21EE2FD60021B05E /* Extension */,
			);
			path = YelloSakedong;
			sourceTree = "<group>";
		};
		195B99B521E0E96100367456 /* Supporting Files */ = {
			isa = PBXGroup;
			children = (
				195B99AF21E0E8A400367456 /* Info.plist */,
				195B99A321E0E8A300367456 /* AppDelegate.swift */,
				195B99AA21E0E8A400367456 /* Assets.xcassets */,
			);
			path = "Supporting Files";
			sourceTree = "<group>";
		};
		1C7219739D991305FB7A30D4 /* Frameworks */ = {
			isa = PBXGroup;
			children = (
				40609488D999FFB5247FC345 /* Pods_YelloSakedong.framework */,
			);
			name = Frameworks;
			sourceTree = "<group>";
		};
		C20D6934ADC806EBE6D70F5E /* Pods */ = {
			isa = PBXGroup;
			children = (
				6609C43A3087759D7CB35B3B /* Pods-YelloSakedong.debug.xcconfig */,
				ED3E33EA866D68DDFD092837 /* Pods-YelloSakedong.release.xcconfig */,
			);
			path = Pods;
			sourceTree = "<group>";
		};
/* End PBXGroup section */

/* Begin PBXNativeTarget section */
		195B999F21E0E8A300367456 /* YelloSakedong */ = {
			isa = PBXNativeTarget;
			buildConfigurationList = 195B99B221E0E8A400367456 /* Build configuration list for PBXNativeTarget "YelloSakedong" */;
			buildPhases = (
				0695EB171D331408D0C68692 /* [CP] Check Pods Manifest.lock */,
				195B999C21E0E8A300367456 /* Sources */,
				195B999D21E0E8A300367456 /* Frameworks */,
				195B999E21E0E8A300367456 /* Resources */,
				195B99B621E0E97F00367456 /* ShellScript */,
				2D07300F9672F8275030A458 /* [CP] Embed Pods Frameworks */,
			);
			buildRules = (
			);
			dependencies = (
			);
			name = YelloSakedong;
			productName = YelloSakedong;
			productReference = 195B99A021E0E8A300367456 /* YelloSakedong.app */;
			productType = "com.apple.product-type.application";
		};
/* End PBXNativeTarget section */

/* Begin PBXProject section */
		195B999821E0E8A300367456 /* Project object */ = {
			isa = PBXProject;
			attributes = {
				LastSwiftUpdateCheck = 1010;
				LastUpgradeCheck = 1010;
				ORGANIZATIONNAME = nexters;
				TargetAttributes = {
					195B999F21E0E8A300367456 = {
						CreatedOnToolsVersion = 10.1;
					};
				};
			};
			buildConfigurationList = 195B999B21E0E8A300367456 /* Build configuration list for PBXProject "YelloSakedong" */;
			compatibilityVersion = "Xcode 9.3";
			developmentRegion = en;
			hasScannedForEncodings = 0;
			knownRegions = (
				en,
				Base,
			);
			mainGroup = 195B999721E0E8A300367456;
			productRefGroup = 195B99A121E0E8A300367456 /* Products */;
			projectDirPath = "";
			projectRoot = "";
			targets = (
				195B999F21E0E8A300367456 /* YelloSakedong */,
			);
		};
/* End PBXProject section */

/* Begin PBXResourcesBuildPhase section */
		195B999E21E0E8A300367456 /* Resources */ = {
			isa = PBXResourcesBuildPhase;
			buildActionMask = 2147483647;
			files = (
				192973CA21EE3A440021B05E /* .swiftlint.yml in Resources */,
				195B99AE21E0E8A400367456 /* LaunchScreen.storyboard in Resources */,
				192973E021EECADE0021B05E /* ResultInfoCell.xib in Resources */,
				195B99AB21E0E8A400367456 /* Assets.xcassets in Resources */,
				195B99A921E0E8A300367456 /* Main.storyboard in Resources */,
				192973D821EECA300021B05E /* Search.storyboard in Resources */,
				192973E421EECBA90021B05E /* TranslationCell.xib in Resources */,
				192973AA21EE2F8F0021B05E /* Splash.storyboard in Resources */,
				192973C221EE38DE0021B05E /* Popup.storyboard in Resources */,
				192973DA21EECA3F0021B05E /* Result.storyboard in Resources */,
			);
			runOnlyForDeploymentPostprocessing = 0;
		};
/* End PBXResourcesBuildPhase section */

/* Begin PBXShellScriptBuildPhase section */
		0695EB171D331408D0C68692 /* [CP] Check Pods Manifest.lock */ = {
			isa = PBXShellScriptBuildPhase;
			buildActionMask = 2147483647;
			files = (
			);
			inputFileListPaths = (
			);
			inputPaths = (
				"${PODS_PODFILE_DIR_PATH}/Podfile.lock",
				"${PODS_ROOT}/Manifest.lock",
			);
			name = "[CP] Check Pods Manifest.lock";
			outputFileListPaths = (
			);
			outputPaths = (
				"$(DERIVED_FILE_DIR)/Pods-YelloSakedong-checkManifestLockResult.txt",
			);
			runOnlyForDeploymentPostprocessing = 0;
			shellPath = /bin/sh;
			shellScript = "diff \"${PODS_PODFILE_DIR_PATH}/Podfile.lock\" \"${PODS_ROOT}/Manifest.lock\" > /dev/null\nif [ $? != 0 ] ; then\n    # print error to STDERR\n    echo \"error: The sandbox is not in sync with the Podfile.lock. Run 'pod install' or update your CocoaPods installation.\" >&2\n    exit 1\nfi\n# This output is used by Xcode 'outputs' to avoid re-running this script phase.\necho \"SUCCESS\" > \"${SCRIPT_OUTPUT_FILE_0}\"\n";
			showEnvVarsInLog = 0;
		};
		195B99B621E0E97F00367456 /* ShellScript */ = {
			isa = PBXShellScriptBuildPhase;
			buildActionMask = 2147483647;
			files = (
			);
			inputFileListPaths = (
			);
			inputPaths = (
			);
			outputFileListPaths = (
			);
			outputPaths = (
			);
			runOnlyForDeploymentPostprocessing = 0;
			shellPath = /bin/sh;
			shellScript = "if which swiftlint >/dev/null; then\nswiftlint\nelse\necho \"warning: SwiftLint not installed, download from https://github.com/realm/SwiftLint\"\nfi\n";
		};
		2D07300F9672F8275030A458 /* [CP] Embed Pods Frameworks */ = {
			isa = PBXShellScriptBuildPhase;
			buildActionMask = 2147483647;
			files = (
			);
			inputFileListPaths = (
			);
			inputPaths = (
				"${PODS_ROOT}/Target Support Files/Pods-YelloSakedong/Pods-YelloSakedong-frameworks.sh",
				"${BUILT_PRODUCTS_DIR}/Alamofire/Alamofire.framework",
				"${BUILT_PRODUCTS_DIR}/DZNEmptyDataSet/DZNEmptyDataSet.framework",
				"${BUILT_PRODUCTS_DIR}/Hero/Hero.framework",
				"${BUILT_PRODUCTS_DIR}/ObjectMapper/ObjectMapper.framework",
				"${BUILT_PRODUCTS_DIR}/SnapKit/SnapKit.framework",
				"${BUILT_PRODUCTS_DIR}/SwiftyJSON/SwiftyJSON.framework",
			);
			name = "[CP] Embed Pods Frameworks";
			outputFileListPaths = (
			);
			outputPaths = (
				"${TARGET_BUILD_DIR}/${FRAMEWORKS_FOLDER_PATH}/Alamofire.framework",
				"${TARGET_BUILD_DIR}/${FRAMEWORKS_FOLDER_PATH}/DZNEmptyDataSet.framework",
				"${TARGET_BUILD_DIR}/${FRAMEWORKS_FOLDER_PATH}/Hero.framework",
				"${TARGET_BUILD_DIR}/${FRAMEWORKS_FOLDER_PATH}/ObjectMapper.framework",
				"${TARGET_BUILD_DIR}/${FRAMEWORKS_FOLDER_PATH}/SnapKit.framework",
				"${TARGET_BUILD_DIR}/${FRAMEWORKS_FOLDER_PATH}/SwiftyJSON.framework",
			);
			runOnlyForDeploymentPostprocessing = 0;
			shellPath = /bin/sh;
			shellScript = "\"${PODS_ROOT}/Target Support Files/Pods-YelloSakedong/Pods-YelloSakedong-frameworks.sh\"\n";
			showEnvVarsInLog = 0;
		};
/* End PBXShellScriptBuildPhase section */

/* Begin PBXSourcesBuildPhase section */
		195B999C21E0E8A300367456 /* Sources */ = {
			isa = PBXSourcesBuildPhase;
			buildActionMask = 2147483647;
			files = (
				192973D421EEC9E70021B05E /* ResultViewController.swift in Sources */,
				192973E321EECBA90021B05E /* TranslationCell.swift in Sources */,
				195B99A421E0E8A300367456 /* AppDelegate.swift in Sources */,
				192973B121EE300C0021B05E /* NSObject+.swift in Sources */,
				192973E621EEEA8F0021B05E /* CGFloat+.swift in Sources */,
				192973B721EE30290021B05E /* UIView+.swift in Sources */,
				192973CC21EEC6870021B05E /* CALayer+.swift in Sources */,
				192973CE21EEC8BF0021B05E /* UIColor+.swift in Sources */,
				192973B921EE33F10021B05E /* MainViewController.swift in Sources */,
				192973D221EEC9DA0021B05E /* SearchViewController.swift in Sources */,
				192973B521EE30200021B05E /* UIViewController+.swift in Sources */,
				192973C421EE38EC0021B05E /* PopupViewController.swift in Sources */,
				190DA1F021EF056A00B8CF97 /* AddTasteButtonEnable.swift in Sources */,
				192973DF21EECADE0021B05E /* ResultInfoCell.swift in Sources */,
				193D655C21E32F5200FAB1DE /* SplashViewController.swift in Sources */,
				192973AE21EE2FD20021B05E /* EmoticonWithLabelView.swift in Sources */,
				192973B321EE30170021B05E /* UIAlertController+.swift in Sources */,
			);
			runOnlyForDeploymentPostprocessing = 0;
		};
/* End PBXSourcesBuildPhase section */

/* Begin PBXVariantGroup section */
		195B99A721E0E8A300367456 /* Main.storyboard */ = {
			isa = PBXVariantGroup;
			children = (
				195B99A821E0E8A300367456 /* Base */,
			);
			name = Main.storyboard;
			sourceTree = "<group>";
		};
		195B99AC21E0E8A400367456 /* LaunchScreen.storyboard */ = {
			isa = PBXVariantGroup;
			children = (
				195B99AD21E0E8A400367456 /* Base */,
			);
			name = LaunchScreen.storyboard;
			sourceTree = "<group>";
		};
/* End PBXVariantGroup section */

/* Begin XCBuildConfiguration section */
		195B99B021E0E8A400367456 /* Debug */ = {
			isa = XCBuildConfiguration;
			buildSettings = {
				ALWAYS_SEARCH_USER_PATHS = NO;
				CLANG_ANALYZER_NONNULL = YES;
				CLANG_ANALYZER_NUMBER_OBJECT_CONVERSION = YES_AGGRESSIVE;
				CLANG_CXX_LANGUAGE_STANDARD = "gnu++14";
				CLANG_CXX_LIBRARY = "libc++";
				CLANG_ENABLE_MODULES = YES;
				CLANG_ENABLE_OBJC_ARC = YES;
				CLANG_ENABLE_OBJC_WEAK = YES;
				CLANG_WARN_BLOCK_CAPTURE_AUTORELEASING = YES;
				CLANG_WARN_BOOL_CONVERSION = YES;
				CLANG_WARN_COMMA = YES;
				CLANG_WARN_CONSTANT_CONVERSION = YES;
				CLANG_WARN_DEPRECATED_OBJC_IMPLEMENTATIONS = YES;
				CLANG_WARN_DIRECT_OBJC_ISA_USAGE = YES_ERROR;
				CLANG_WARN_DOCUMENTATION_COMMENTS = YES;
				CLANG_WARN_EMPTY_BODY = YES;
				CLANG_WARN_ENUM_CONVERSION = YES;
				CLANG_WARN_INFINITE_RECURSION = YES;
				CLANG_WARN_INT_CONVERSION = YES;
				CLANG_WARN_NON_LITERAL_NULL_CONVERSION = YES;
				CLANG_WARN_OBJC_IMPLICIT_RETAIN_SELF = YES;
				CLANG_WARN_OBJC_LITERAL_CONVERSION = YES;
				CLANG_WARN_OBJC_ROOT_CLASS = YES_ERROR;
				CLANG_WARN_RANGE_LOOP_ANALYSIS = YES;
				CLANG_WARN_STRICT_PROTOTYPES = YES;
				CLANG_WARN_SUSPICIOUS_MOVE = YES;
				CLANG_WARN_UNGUARDED_AVAILABILITY = YES_AGGRESSIVE;
				CLANG_WARN_UNREACHABLE_CODE = YES;
				CLANG_WARN__DUPLICATE_METHOD_MATCH = YES;
				CODE_SIGN_IDENTITY = "iPhone Developer";
				COPY_PHASE_STRIP = NO;
				DEBUG_INFORMATION_FORMAT = dwarf;
				ENABLE_STRICT_OBJC_MSGSEND = YES;
				ENABLE_TESTABILITY = YES;
				GCC_C_LANGUAGE_STANDARD = gnu11;
				GCC_DYNAMIC_NO_PIC = NO;
				GCC_NO_COMMON_BLOCKS = YES;
				GCC_OPTIMIZATION_LEVEL = 0;
				GCC_PREPROCESSOR_DEFINITIONS = (
					"DEBUG=1",
					"$(inherited)",
				);
				GCC_WARN_64_TO_32_BIT_CONVERSION = YES;
				GCC_WARN_ABOUT_RETURN_TYPE = YES_ERROR;
				GCC_WARN_UNDECLARED_SELECTOR = YES;
				GCC_WARN_UNINITIALIZED_AUTOS = YES_AGGRESSIVE;
				GCC_WARN_UNUSED_FUNCTION = YES;
				GCC_WARN_UNUSED_VARIABLE = YES;
				IPHONEOS_DEPLOYMENT_TARGET = 10.0;
				MTL_ENABLE_DEBUG_INFO = INCLUDE_SOURCE;
				MTL_FAST_MATH = YES;
				ONLY_ACTIVE_ARCH = YES;
				SDKROOT = iphoneos;
				SWIFT_ACTIVE_COMPILATION_CONDITIONS = DEBUG;
				SWIFT_OPTIMIZATION_LEVEL = "-Onone";
			};
			name = Debug;
		};
		195B99B121E0E8A400367456 /* Release */ = {
			isa = XCBuildConfiguration;
			buildSettings = {
				ALWAYS_SEARCH_USER_PATHS = NO;
				CLANG_ANALYZER_NONNULL = YES;
				CLANG_ANALYZER_NUMBER_OBJECT_CONVERSION = YES_AGGRESSIVE;
				CLANG_CXX_LANGUAGE_STANDARD = "gnu++14";
				CLANG_CXX_LIBRARY = "libc++";
				CLANG_ENABLE_MODULES = YES;
				CLANG_ENABLE_OBJC_ARC = YES;
				CLANG_ENABLE_OBJC_WEAK = YES;
				CLANG_WARN_BLOCK_CAPTURE_AUTORELEASING = YES;
				CLANG_WARN_BOOL_CONVERSION = YES;
				CLANG_WARN_COMMA = YES;
				CLANG_WARN_CONSTANT_CONVERSION = YES;
				CLANG_WARN_DEPRECATED_OBJC_IMPLEMENTATIONS = YES;
				CLANG_WARN_DIRECT_OBJC_ISA_USAGE = YES_ERROR;
				CLANG_WARN_DOCUMENTATION_COMMENTS = YES;
				CLANG_WARN_EMPTY_BODY = YES;
				CLANG_WARN_ENUM_CONVERSION = YES;
				CLANG_WARN_INFINITE_RECURSION = YES;
				CLANG_WARN_INT_CONVERSION = YES;
				CLANG_WARN_NON_LITERAL_NULL_CONVERSION = YES;
				CLANG_WARN_OBJC_IMPLICIT_RETAIN_SELF = YES;
				CLANG_WARN_OBJC_LITERAL_CONVERSION = YES;
				CLANG_WARN_OBJC_ROOT_CLASS = YES_ERROR;
				CLANG_WARN_RANGE_LOOP_ANALYSIS = YES;
				CLANG_WARN_STRICT_PROTOTYPES = YES;
				CLANG_WARN_SUSPICIOUS_MOVE = YES;
				CLANG_WARN_UNGUARDED_AVAILABILITY = YES_AGGRESSIVE;
				CLANG_WARN_UNREACHABLE_CODE = YES;
				CLANG_WARN__DUPLICATE_METHOD_MATCH = YES;
				CODE_SIGN_IDENTITY = "iPhone Developer";
				COPY_PHASE_STRIP = NO;
				DEBUG_INFORMATION_FORMAT = "dwarf-with-dsym";
				ENABLE_NS_ASSERTIONS = NO;
				ENABLE_STRICT_OBJC_MSGSEND = YES;
				GCC_C_LANGUAGE_STANDARD = gnu11;
				GCC_NO_COMMON_BLOCKS = YES;
				GCC_WARN_64_TO_32_BIT_CONVERSION = YES;
				GCC_WARN_ABOUT_RETURN_TYPE = YES_ERROR;
				GCC_WARN_UNDECLARED_SELECTOR = YES;
				GCC_WARN_UNINITIALIZED_AUTOS = YES_AGGRESSIVE;
				GCC_WARN_UNUSED_FUNCTION = YES;
				GCC_WARN_UNUSED_VARIABLE = YES;
				IPHONEOS_DEPLOYMENT_TARGET = 10.0;
				MTL_ENABLE_DEBUG_INFO = NO;
				MTL_FAST_MATH = YES;
				SDKROOT = iphoneos;
				SWIFT_COMPILATION_MODE = wholemodule;
				SWIFT_OPTIMIZATION_LEVEL = "-O";
				VALIDATE_PRODUCT = YES;
			};
			name = Release;
		};
		195B99B321E0E8A400367456 /* Debug */ = {
			isa = XCBuildConfiguration;
			baseConfigurationReference = 6609C43A3087759D7CB35B3B /* Pods-YelloSakedong.debug.xcconfig */;
			buildSettings = {
				ASSETCATALOG_COMPILER_APPICON_NAME = AppIcon;
				CODE_SIGN_STYLE = Automatic;
				DEVELOPMENT_TEAM = H79MF628K3;
				INFOPLIST_FILE = "$(SRCROOT)/YelloSakedong/Supporting Files/Info.plist";
				IPHONEOS_DEPLOYMENT_TARGET = 10.0;
				LD_RUNPATH_SEARCH_PATHS = (
					"$(inherited)",
					"@executable_path/Frameworks",
				);
				PRODUCT_BUNDLE_IDENTIFIER = co.kr.nexters.YelloSakedong;
				PRODUCT_NAME = "$(TARGET_NAME)";
				SWIFT_VERSION = 4.2;
				TARGETED_DEVICE_FAMILY = 1;
			};
			name = Debug;
		};
		195B99B421E0E8A400367456 /* Release */ = {
			isa = XCBuildConfiguration;
			baseConfigurationReference = ED3E33EA866D68DDFD092837 /* Pods-YelloSakedong.release.xcconfig */;
			buildSettings = {
				ASSETCATALOG_COMPILER_APPICON_NAME = AppIcon;
				CODE_SIGN_STYLE = Automatic;
				DEVELOPMENT_TEAM = H79MF628K3;
				INFOPLIST_FILE = "$(SRCROOT)/YelloSakedong/Supporting Files/Info.plist";
				IPHONEOS_DEPLOYMENT_TARGET = 10.0;
				LD_RUNPATH_SEARCH_PATHS = (
					"$(inherited)",
					"@executable_path/Frameworks",
				);
				PRODUCT_BUNDLE_IDENTIFIER = co.kr.nexters.YelloSakedong;
				PRODUCT_NAME = "$(TARGET_NAME)";
				SWIFT_VERSION = 4.2;
				TARGETED_DEVICE_FAMILY = 1;
			};
			name = Release;
		};
/* End XCBuildConfiguration section */

/* Begin XCConfigurationList section */
		195B999B21E0E8A300367456 /* Build configuration list for PBXProject "YelloSakedong" */ = {
			isa = XCConfigurationList;
			buildConfigurations = (
				195B99B021E0E8A400367456 /* Debug */,
				195B99B121E0E8A400367456 /* Release */,
			);
			defaultConfigurationIsVisible = 0;
			defaultConfigurationName = Release;
		};
		195B99B221E0E8A400367456 /* Build configuration list for PBXNativeTarget "YelloSakedong" */ = {
			isa = XCConfigurationList;
			buildConfigurations = (
				195B99B321E0E8A400367456 /* Debug */,
				195B99B421E0E8A400367456 /* Release */,
			);
			defaultConfigurationIsVisible = 0;
			defaultConfigurationName = Release;
		};
/* End XCConfigurationList section */
	};
	rootObject = 195B999821E0E8A300367456 /* Project object */;
}
